
Microsoft Visual Studio Solution File, Format Version 12.00
# Visual Studio Version 17
VisualStudioVersion = 17.7.34031.279
MinimumVisualStudioVersion = 10.0.40219.1
Project("{FAE04EC0-301F-11D3-BF4B-00C04F79EFBC}") = "GerenciamentoLocacaoBicicleta", "GerenciamentoLocacaoBicicleta\GerenciamentoLocacaoBicicleta.csproj", "{99A4F161-187E-4B00-9B09-EF9254BC1C4A}"
EndProject
Global
	GlobalSection(SolutionConfigurationPlatforms) = preSolution
		Debug|Any CPU = Debug|Any CPU
		Release|Any CPU = Release|Any CPU
	EndGlobalSection
	GlobalSection(ProjectConfigurationPlatforms) = postSolution
		{99A4F161-187E-4B00-9B09-EF9254BC1C4A}.Debug|Any CPU.ActiveCfg = Debug|Any CPU
		{99A4F161-187E-4B00-9B09-EF9254BC1C4A}.Debug|Any CPU.Build.0 = Debug|Any CPU
		{99A4F161-187E-4B00-9B09-EF9254BC1C4A}.Release|Any CPU.ActiveCfg = Release|Any CPU
		{99A4F161-187E-4B00-9B09-EF9254BC1C4A}.Release|Any CPU.Build.0 = Release|Any CPU
	EndGlobalSection
	GlobalSection(SolutionProperties) = preSolution
		HideSolutionNode = FALSE
	EndGlobalSection
	GlobalSection(ExtensibilityGlobals) = postSolution
		SolutionGuid = {37715E5C-2623-4A8E-B385-3EC97094958A}
	EndGlobalSection
EndGlobal
